
Microsoft Visual Studio Solution File, Format Version 12.00
# Visual Studio Version 16
VisualStudioVersion = 16.0.31129.286
MinimumVisualStudioVersion = 10.0.40219.1
Project("{FAE04EC0-301F-11D3-BF4B-00C04F79EFBC}") = "OnlineAttendance", "OnlineAttendance\OnlineAttendance.csproj", "{EA084B33-B505-41DF-BFEA-37716834A6E8}"
EndProject
Global
	GlobalSection(SolutionConfigurationPlatforms) = preSolution
		Debug|Any CPU = Debug|Any CPU
		Release|Any CPU = Release|Any CPU
	EndGlobalSection
	GlobalSection(ProjectConfigurationPlatforms) = postSolution
		{EA084B33-B505-41DF-BFEA-37716834A6E8}.Debug|Any CPU.ActiveCfg = Debug|Any CPU
		{EA084B33-B505-41DF-BFEA-37716834A6E8}.Debug|Any CPU.Build.0 = Debug|Any CPU
		{EA084B33-B505-41DF-BFEA-37716834A6E8}.Release|Any CPU.ActiveCfg = Release|Any CPU
		{EA084B33-B505-41DF-BFEA-37716834A6E8}.Release|Any CPU.Build.0 = Release|Any CPU
	EndGlobalSection
	GlobalSection(SolutionProperties) = preSolution
		HideSolutionNode = FALSE
	EndGlobalSection
	GlobalSection(ExtensibilityGlobals) = postSolution
		SolutionGuid = {369E5388-01C1-4832-BE1E-171E51115387}
	EndGlobalSection
EndGlobal
